
Microsoft Visual Studio Solution File, Format Version 12.00
# Visual Studio Version 17
VisualStudioVersion = 17.4.33122.133
MinimumVisualStudioVersion = 10.0.40219.1
Project("{FAE04EC0-301F-11D3-BF4B-00C04F79EFBC}") = "Book Management", "Book Management\Book Management.csproj", "{F6A96BEB-57CC-49CA-8514-DC6A721547ED}"
EndProject
Global
	GlobalSection(SolutionConfigurationPlatforms) = preSolution
		Debug|Any CPU = Debug|Any CPU
		Release|Any CPU = Release|Any CPU
	EndGlobalSection
	GlobalSection(ProjectConfigurationPlatforms) = postSolution
		{F6A96BEB-57CC-49CA-8514-DC6A721547ED}.Debug|Any CPU.ActiveCfg = Debug|Any CPU
		{F6A96BEB-57CC-49CA-8514-DC6A721547ED}.Debug|Any CPU.Build.0 = Debug|Any CPU
		{F6A96BEB-57CC-49CA-8514-DC6A721547ED}.Release|Any CPU.ActiveCfg = Release|Any CPU
		{F6A96BEB-57CC-49CA-8514-DC6A721547ED}.Release|Any CPU.Build.0 = Release|Any CPU
	EndGlobalSection
	GlobalSection(SolutionProperties) = preSolution
		HideSolutionNode = FALSE
	EndGlobalSection
	GlobalSection(ExtensibilityGlobals) = postSolution
		SolutionGuid = {4CE9C0A8-59E8-4F68-9DEA-D997B07C39D0}
	EndGlobalSection
EndGlobal
